
Microsoft Visual Studio Solution File, Format Version 12.00
# Visual Studio 15
VisualStudioVersion = 15.0.28307.539
MinimumVisualStudioVersion = 10.0.40219.1
Project("{8BC9CEB8-8B4A-11D0-8D11-00A0C91BC942}") = "KickStart_2019_RoundF_2", "KickStart_2019_RoundF_2.vcxproj", "{FB6F5DA1-69F5-4B42-8B36-2CD5350E71F0}"
EndProject
Global
	GlobalSection(SolutionConfigurationPlatforms) = preSolution
		Debug|x64 = Debug|x64
		Debug|x86 = Debug|x86
		Release|x64 = Release|x64
		Release|x86 = Release|x86
	EndGlobalSection
	GlobalSection(ProjectConfigurationPlatforms) = postSolution
		{FB6F5DA1-69F5-4B42-8B36-2CD5350E71F0}.Debug|x64.ActiveCfg = Debug|x64
		{FB6F5DA1-69F5-4B42-8B36-2CD5350E71F0}.Debug|x64.Build.0 = Debug|x64
		{FB6F5DA1-69F5-4B42-8B36-2CD5350E71F0}.Debug|x86.ActiveCfg = Debug|Win32
		{FB6F5DA1-69F5-4B42-8B36-2CD5350E71F0}.Debug|x86.Build.0 = Debug|Win32
		{FB6F5DA1-69F5-4B42-8B36-2CD5350E71F0}.Release|x64.ActiveCfg = Release|x64
		{FB6F5DA1-69F5-4B42-8B36-2CD5350E71F0}.Release|x64.Build.0 = Release|x64
		{FB6F5DA1-69F5-4B42-8B36-2CD5350E71F0}.Release|x86.ActiveCfg = Release|Win32
		{FB6F5DA1-69F5-4B42-8B36-2CD5350E71F0}.Release|x86.Build.0 = Release|Win32
	EndGlobalSection
	GlobalSection(SolutionProperties) = preSolution
		HideSolutionNode = FALSE
	EndGlobalSection
	GlobalSection(ExtensibilityGlobals) = postSolution
		SolutionGuid = {CC47CA6E-168D-4271-9369-142ED1E781DE}
	EndGlobalSection
EndGlobal
